
Microsoft Visual Studio Solution File, Format Version 12.00
# Visual Studio 2013
VisualStudioVersion = 12.0.31101.0
MinimumVisualStudioVersion = 10.0.40219.1
Project("{FAE04EC0-301F-11D3-BF4B-00C04F79EFBC}") = "HelloCSharp", "HelloCSharp\HelloCSharp.csproj", "{2743E5FF-0060-4F74-8EE6-67806F279FA6}"
EndProject
Project("{FAE04EC0-301F-11D3-BF4B-00C04F79EFBC}") = "PrintMyName", "PrintMyName\PrintMyName.csproj", "{EF7EFDF6-49C3-4ACC-B87C-7EC2C4A95704}"
EndProject
Project("{FAE04EC0-301F-11D3-BF4B-00C04F79EFBC}") = "PrintNumbers", "PrintNumbers\PrintNumbers.csproj", "{3BBA9DD3-FA53-4E9E-BAFD-2E088869F085}"
EndProject
Project("{FAE04EC0-301F-11D3-BF4B-00C04F79EFBC}") = "FirstAndLastName", "FirstAndLastName\FirstAndLastName.csproj", "{4029ADB8-52EB-49B4-9C4C-44D58836BC79}"
EndProject
Project("{FAE04EC0-301F-11D3-BF4B-00C04F79EFBC}") = "SquareRoot", "SquareRoot\SquareRoot.csproj", "{2D79F5F5-EA52-4D51-9A98-F0C1085DD66C}"
EndProject
Project("{FAE04EC0-301F-11D3-BF4B-00C04F79EFBC}") = "PrintSequence", "PrintSequence\PrintSequence.csproj", "{FA698800-39B6-4B42-92ED-A4DB3809D9D1}"
EndProject
Project("{FAE04EC0-301F-11D3-BF4B-00C04F79EFBC}") = "ReformatCSharpCode", "ReformatCSharpCode\ReformatCSharpCode.csproj", "{B7DF051E-F7B7-47CE-A065-EAAE49D4720F}"
EndProject
Project("{FAE04EC0-301F-11D3-BF4B-00C04F79EFBC}") = "CurrentDateAndTime", "CurrentDateAndTime\CurrentDateAndTime.csproj", "{55BB84A4-66FA-4D79-92B8-6842DFB1A510}"
EndProject
Project("{FAE04EC0-301F-11D3-BF4B-00C04F79EFBC}") = "AgeAfter10Years", "AgeAfter10Years\AgeAfter10Years.csproj", "{F2854EEB-DD35-4BE8-A82F-D83F0B45E99D}"
EndProject
Project("{FAE04EC0-301F-11D3-BF4B-00C04F79EFBC}") = "PrintLongSequence", "PrintLongSequence\PrintLongSequence.csproj", "{B81CB8A9-F7A2-4F7C-AFA4-307B61532A2A}"
EndProject
Global
	GlobalSection(SolutionConfigurationPlatforms) = preSolution
		Debug|Any CPU = Debug|Any CPU
		Release|Any CPU = Release|Any CPU
	EndGlobalSection
	GlobalSection(ProjectConfigurationPlatforms) = postSolution
		{2743E5FF-0060-4F74-8EE6-67806F279FA6}.Debug|Any CPU.ActiveCfg = Debug|Any CPU
		{2743E5FF-0060-4F74-8EE6-67806F279FA6}.Debug|Any CPU.Build.0 = Debug|Any CPU
		{2743E5FF-0060-4F74-8EE6-67806F279FA6}.Release|Any CPU.ActiveCfg = Release|Any CPU
		{2743E5FF-0060-4F74-8EE6-67806F279FA6}.Release|Any CPU.Build.0 = Release|Any CPU
		{EF7EFDF6-49C3-4ACC-B87C-7EC2C4A95704}.Debug|Any CPU.ActiveCfg = Debug|Any CPU
		{EF7EFDF6-49C3-4ACC-B87C-7EC2C4A95704}.Debug|Any CPU.Build.0 = Debug|Any CPU
		{EF7EFDF6-49C3-4ACC-B87C-7EC2C4A95704}.Release|Any CPU.ActiveCfg = Release|Any CPU
		{EF7EFDF6-49C3-4ACC-B87C-7EC2C4A95704}.Release|Any CPU.Build.0 = Release|Any CPU
		{3BBA9DD3-FA53-4E9E-BAFD-2E088869F085}.Debug|Any CPU.ActiveCfg = Debug|Any CPU
		{3BBA9DD3-FA53-4E9E-BAFD-2E088869F085}.Debug|Any CPU.Build.0 = Debug|Any CPU
		{3BBA9DD3-FA53-4E9E-BAFD-2E088869F085}.Release|Any CPU.ActiveCfg = Release|Any CPU
		{3BBA9DD3-FA53-4E9E-BAFD-2E088869F085}.Release|Any CPU.Build.0 = Release|Any CPU
		{4029ADB8-52EB-49B4-9C4C-44D58836BC79}.Debug|Any CPU.ActiveCfg = Debug|Any CPU
		{4029ADB8-52EB-49B4-9C4C-44D58836BC79}.Debug|Any CPU.Build.0 = Debug|Any CPU
		{4029ADB8-52EB-49B4-9C4C-44D58836BC79}.Release|Any CPU.ActiveCfg = Release|Any CPU
		{4029ADB8-52EB-49B4-9C4C-44D58836BC79}.Release|Any CPU.Build.0 = Release|Any CPU
		{2D79F5F5-EA52-4D51-9A98-F0C1085DD66C}.Debug|Any CPU.ActiveCfg = Debug|Any CPU
		{2D79F5F5-EA52-4D51-9A98-F0C1085DD66C}.Debug|Any CPU.Build.0 = Debug|Any CPU
		{2D79F5F5-EA52-4D51-9A98-F0C1085DD66C}.Release|Any CPU.ActiveCfg = Release|Any CPU
		{2D79F5F5-EA52-4D51-9A98-F0C1085DD66C}.Release|Any CPU.Build.0 = Release|Any CPU
		{FA698800-39B6-4B42-92ED-A4DB3809D9D1}.Debug|Any CPU.ActiveCfg = Debug|Any CPU
		{FA698800-39B6-4B42-92ED-A4DB3809D9D1}.Debug|Any CPU.Build.0 = Debug|Any CPU
		{FA698800-39B6-4B42-92ED-A4DB3809D9D1}.Release|Any CPU.ActiveCfg = Release|Any CPU
		{FA698800-39B6-4B42-92ED-A4DB3809D9D1}.Release|Any CPU.Build.0 = Release|Any CPU
		{B7DF051E-F7B7-47CE-A065-EAAE49D4720F}.Debug|Any CPU.ActiveCfg = Debug|Any CPU
		{B7DF051E-F7B7-47CE-A065-EAAE49D4720F}.Debug|Any CPU.Build.0 = Debug|Any CPU
		{B7DF051E-F7B7-47CE-A065-EAAE49D4720F}.Release|Any CPU.ActiveCfg = Release|Any CPU
		{B7DF051E-F7B7-47CE-A065-EAAE49D4720F}.Release|Any CPU.Build.0 = Release|Any CPU
		{55BB84A4-66FA-4D79-92B8-6842DFB1A510}.Debug|Any CPU.ActiveCfg = Debug|Any CPU
		{55BB84A4-66FA-4D79-92B8-6842DFB1A510}.Debug|Any CPU.Build.0 = Debug|Any CPU
		{55BB84A4-66FA-4D79-92B8-6842DFB1A510}.Release|Any CPU.ActiveCfg = Release|Any CPU
		{55BB84A4-66FA-4D79-92B8-6842DFB1A510}.Release|Any CPU.Build.0 = Release|Any CPU
		{F2854EEB-DD35-4BE8-A82F-D83F0B45E99D}.Debug|Any CPU.ActiveCfg = Debug|Any CPU
		{F2854EEB-DD35-4BE8-A82F-D83F0B45E99D}.Debug|Any CPU.Build.0 = Debug|Any CPU
		{F2854EEB-DD35-4BE8-A82F-D83F0B45E99D}.Release|Any CPU.ActiveCfg = Release|Any CPU
		{F2854EEB-DD35-4BE8-A82F-D83F0B45E99D}.Release|Any CPU.Build.0 = Release|Any CPU
		{B81CB8A9-F7A2-4F7C-AFA4-307B61532A2A}.Debug|Any CPU.ActiveCfg = Debug|Any CPU
		{B81CB8A9-F7A2-4F7C-AFA4-307B61532A2A}.Debug|Any CPU.Build.0 = Debug|Any CPU
		{B81CB8A9-F7A2-4F7C-AFA4-307B61532A2A}.Release|Any CPU.ActiveCfg = Release|Any CPU
		{B81CB8A9-F7A2-4F7C-AFA4-307B61532A2A}.Release|Any CPU.Build.0 = Release|Any CPU
	EndGlobalSection
	GlobalSection(SolutionProperties) = preSolution
		HideSolutionNode = FALSE
	EndGlobalSection
EndGlobal
